
Microsoft Visual Studio Solution File, Format Version 12.00
# Visual Studio Version 16
VisualStudioVersion = 16.0.31911.196
MinimumVisualStudioVersion = 10.0.40219.1
Project("{FAE04EC0-301F-11D3-BF4B-00C04F79EFBC}") = "miaoi_lab2", "miaoi_lab2\miaoi_lab2.csproj", "{BDD29257-13C0-4D88-9014-26C762322255}"
EndProject
Global
	GlobalSection(SolutionConfigurationPlatforms) = preSolution
		Debug|Any CPU = Debug|Any CPU
		Release|Any CPU = Release|Any CPU
	EndGlobalSection
	GlobalSection(ProjectConfigurationPlatforms) = postSolution
		{BDD29257-13C0-4D88-9014-26C762322255}.Debug|Any CPU.ActiveCfg = Debug|Any CPU
		{BDD29257-13C0-4D88-9014-26C762322255}.Debug|Any CPU.Build.0 = Debug|Any CPU
		{BDD29257-13C0-4D88-9014-26C762322255}.Release|Any CPU.ActiveCfg = Release|Any CPU
		{BDD29257-13C0-4D88-9014-26C762322255}.Release|Any CPU.Build.0 = Release|Any CPU
	EndGlobalSection
	GlobalSection(SolutionProperties) = preSolution
		HideSolutionNode = FALSE
	EndGlobalSection
	GlobalSection(ExtensibilityGlobals) = postSolution
		SolutionGuid = {01FE4F8E-CE62-4E72-94AC-8EA61A21E045}
	EndGlobalSection
EndGlobal
